// !$*UTF8*$!
{
	archiveVersion = 1;
	classes = {
	};
	objectVersion = 77;
	objects = {

/* Begin PBXBuildFile section */
		662F711B2E9FF47D00FF63A2 /* AgendaView.swift in Sources */ = {isa = PBXBuildFile; fileRef = 662F711A2E9FF47D00FF63A2 /* AgendaView.swift */; };
		662F711D2EA003A100FF63A2 /* AgendaStore.swift in Sources */ = {isa = PBXBuildFile; fileRef = 662F711C2EA003A100FF63A2 /* AgendaStore.swift */; };
		662F711F2EA0087F00FF63A2 /* View+AppItalic.swift in Sources */ = {isa = PBXBuildFile; fileRef = 662F711E2EA0087F00FF63A2 /* View+AppItalic.swift */; };
		662F71212EA0099500FF63A2 /* View+AppTypography.swift in Sources */ = {isa = PBXBuildFile; fileRef = 662F71202EA0099500FF63A2 /* View+AppTypography.swift */; };
		662F71232EA009A900FF63A2 /* TypographyDesign+FontDesign.swift in Sources */ = {isa = PBXBuildFile; fileRef = 662F71222EA009A900FF63A2 /* TypographyDesign+FontDesign.swift */; };
		665679D62EA01E9A008AE20C /* FinanceStore.swift in Sources */ = {isa = PBXBuildFile; fileRef = 665679D52EA01E9A008AE20C /* FinanceStore.swift */; };
		66607A1F2EA00CA000ACEA75 /* ViewExtensions.swift in Sources */ = {isa = PBXBuildFile; fileRef = 66607A1E2EA00C9F00ACEA75 /* ViewExtensions.swift */; };
		C803D1DF2E9F6F73009048DA /* NotesView.swift in Sources */ = {isa = PBXBuildFile; fileRef = C803D1DE2E9F6F73009048DA /* NotesView.swift */; };
		C803D1E02E9F6F73009048DA /* FinanceView.swift in Sources */ = {isa = PBXBuildFile; fileRef = C803D1DD2E9F6F73009048DA /* FinanceView.swift */; };
		C89DB0062E9F24B000B9B249 /* deniverse/deniappApp.swift in Sources */ = {isa = PBXBuildFile; fileRef = C89DB0012E9F24B000B9B249 /* deniverse/deniappApp.swift */; };
		C89DB0072E9F24B000B9B249 /* deniverse/ContentView.swift in Sources */ = {isa = PBXBuildFile; fileRef = C89DB0022E9F24B000B9B249 /* deniverse/ContentView.swift */; };
		C89DB0082E9F24B000B9B249 /* deniverse/SettingsView.swift in Sources */ = {isa = PBXBuildFile; fileRef = C89DB0032E9F24B000B9B249 /* deniverse/SettingsView.swift */; };
		C89DB0092E9F24B000B9B249 /* deniverse/PreferencesStore.swift in Sources */ = {isa = PBXBuildFile; fileRef = C89DB0042E9F24B000B9B249 /* deniverse/PreferencesStore.swift */; };
		C89DB00A2E9F24B000B9B249 /* deniverse/Assets.xcassets in Resources */ = {isa = PBXBuildFile; fileRef = C89DB0052E9F24B000B9B249 /* deniverse/Assets.xcassets */; };
		C8C816E12EA58E2A00B343E7 /* SeasonalEffects.swift in Sources */ = {isa = PBXBuildFile; fileRef = C8C816E02EA58E2A00B343E7 /* SeasonalEffects.swift */; };
/* End PBXBuildFile section */

/* Begin PBXFileReference section */
		662F711A2E9FF47D00FF63A2 /* AgendaView.swift */ = {isa = PBXFileReference; lastKnownFileType = sourcecode.swift; path = AgendaView.swift; sourceTree = "<group>"; };
		662F711C2EA003A100FF63A2 /* AgendaStore.swift */ = {isa = PBXFileReference; lastKnownFileType = sourcecode.swift; path = AgendaStore.swift; sourceTree = "<group>"; };
		662F711E2EA0087F00FF63A2 /* View+AppItalic.swift */ = {isa = PBXFileReference; lastKnownFileType = sourcecode.swift; path = "View+AppItalic.swift"; sourceTree = "<group>"; };
		662F71202EA0099500FF63A2 /* View+AppTypography.swift */ = {isa = PBXFileReference; lastKnownFileType = sourcecode.swift; path = "View+AppTypography.swift"; sourceTree = "<group>"; };
		662F71222EA009A900FF63A2 /* TypographyDesign+FontDesign.swift */ = {isa = PBXFileReference; lastKnownFileType = sourcecode.swift; path = "TypographyDesign+FontDesign.swift"; sourceTree = "<group>"; };
		665679D52EA01E9A008AE20C /* FinanceStore.swift */ = {isa = PBXFileReference; lastKnownFileType = sourcecode.swift; path = FinanceStore.swift; sourceTree = "<group>"; };
		66607A1E2EA00C9F00ACEA75 /* ViewExtensions.swift */ = {isa = PBXFileReference; lastKnownFileType = sourcecode.swift; path = ViewExtensions.swift; sourceTree = "<group>"; };
		C803D1DD2E9F6F73009048DA /* FinanceView.swift */ = {isa = PBXFileReference; lastKnownFileType = sourcecode.swift; path = FinanceView.swift; sourceTree = "<group>"; };
		C803D1DE2E9F6F73009048DA /* NotesView.swift */ = {isa = PBXFileReference; lastKnownFileType = sourcecode.swift; path = NotesView.swift; sourceTree = "<group>"; };
		C89DAC082E9F236100B9B249 /* Deniverse.app */ = {isa = PBXFileReference; explicitFileType = wrapper.application; includeInIndex = 0; path = Deniverse.app; sourceTree = BUILT_PRODUCTS_DIR; };
		C89DB0012E9F24B000B9B249 /* deniverse/deniappApp.swift */ = {isa = PBXFileReference; lastKnownFileType = sourcecode.swift; path = deniverse/deniappApp.swift; sourceTree = SOURCE_ROOT; };
		C89DB0022E9F24B000B9B249 /* deniverse/ContentView.swift */ = {isa = PBXFileReference; lastKnownFileType = sourcecode.swift; path = deniverse/ContentView.swift; sourceTree = SOURCE_ROOT; };
		C89DB0032E9F24B000B9B249 /* deniverse/SettingsView.swift */ = {isa = PBXFileReference; lastKnownFileType = sourcecode.swift; path = deniverse/SettingsView.swift; sourceTree = SOURCE_ROOT; };
		C89DB0042E9F24B000B9B249 /* deniverse/PreferencesStore.swift */ = {isa = PBXFileReference; lastKnownFileType = sourcecode.swift; path = deniverse/PreferencesStore.swift; sourceTree = SOURCE_ROOT; };
		C89DB0052E9F24B000B9B249 /* deniverse/Assets.xcassets */ = {isa = PBXFileReference; lastKnownFileType = folder.assetcatalog; path = deniverse/Assets.xcassets; sourceTree = SOURCE_ROOT; };
		C8C816E02EA58E2A00B343E7 /* SeasonalEffects.swift */ = {isa = PBXFileReference; lastKnownFileType = sourcecode.swift; path = SeasonalEffects.swift; sourceTree = "<group>"; };
/* End PBXFileReference section */

/* Begin PBXFrameworksBuildPhase section */
		C89DAC052E9F236100B9B249 /* Frameworks */ = {
			isa = PBXFrameworksBuildPhase;
			buildActionMask = 2147483647;
			files = (
			);
			runOnlyForDeploymentPostprocessing = 0;
		};
/* End PBXFrameworksBuildPhase section */

/* Begin PBXGroup section */
		C89DABFF2E9F236100B9B249 = {
			isa = PBXGroup;
			children = (
				C89DAC0A2E9F236100B9B249 /* deniverse */,
				C89DB0052E9F24B000B9B249 /* deniverse/Assets.xcassets */,
				C89DAC092E9F236100B9B249 /* Products */,
			);
			sourceTree = "<group>";
		};
		C89DAC092E9F236100B9B249 /* Products */ = {
			isa = PBXGroup;
			children = (
				C89DAC082E9F236100B9B249 /* Deniverse.app */,
			);
			name = Products;
			sourceTree = "<group>";
		};
		C89DAC0A2E9F236100B9B249 /* deniverse */ = {
			isa = PBXGroup;
			children = (
				C89DB0012E9F24B000B9B249 /* deniverse/deniappApp.swift */,
				C803D1DD2E9F6F73009048DA /* FinanceView.swift */,
				662F711A2E9FF47D00FF63A2 /* AgendaView.swift */,
				C803D1DE2E9F6F73009048DA /* NotesView.swift */,
				C89DB0022E9F24B000B9B249 /* deniverse/ContentView.swift */,
				C89DB0032E9F24B000B9B249 /* deniverse/SettingsView.swift */,
				662F711C2EA003A100FF63A2 /* AgendaStore.swift */,
				C8C816E02EA58E2A00B343E7 /* SeasonalEffects.swift */,
				C89DB0042E9F24B000B9B249 /* deniverse/PreferencesStore.swift */,
				66607A1E2EA00C9F00ACEA75 /* ViewExtensions.swift */,
				662F711E2EA0087F00FF63A2 /* View+AppItalic.swift */,
				665679D52EA01E9A008AE20C /* FinanceStore.swift */,
				662F71202EA0099500FF63A2 /* View+AppTypography.swift */,
				662F71222EA009A900FF63A2 /* TypographyDesign+FontDesign.swift */,
			);
			path = deniverse;
			sourceTree = "<group>";
		};
/* End PBXGroup section */

/* Begin PBXNativeTarget section */
		C89DAC072E9F236100B9B249 /* Deniverse */ = {
			isa = PBXNativeTarget;
			buildConfigurationList = C89DAC132E9F236100B9B249 /* Build configuration list for PBXNativeTarget "Deniverse" */;
			buildPhases = (
				C89DAC042E9F236100B9B249 /* Sources */,
				C89DAC052E9F236100B9B249 /* Frameworks */,
				C89DAC062E9F236100B9B249 /* Resources */,
			);
			buildRules = (
			);
			dependencies = (
			);
			name = Deniverse;
			packageProductDependencies = (
			);
			productName = Deniverse;
			productReference = C89DAC082E9F236100B9B249 /* Deniverse.app */;
			productType = "com.apple.product-type.application";
		};
/* End PBXNativeTarget section */

/* Begin PBXProject section */
		C89DAC002E9F236100B9B249 /* Project object */ = {
			isa = PBXProject;
			attributes = {
				BuildIndependentTargetsInParallel = 1;
				LastSwiftUpdateCheck = 2600;
				LastUpgradeCheck = 2600;
				TargetAttributes = {
					C89DAC072E9F236100B9B249 = {
						CreatedOnToolsVersion = 26.0.1;
					};
				};
			};
			buildConfigurationList = C89DAC032E9F236100B9B249 /* Build configuration list for PBXProject "deniverse" */;
			developmentRegion = en;
			hasScannedForEncodings = 0;
			knownRegions = (
				en,
				Base,
			);
			mainGroup = C89DABFF2E9F236100B9B249;
			minimizedProjectReferenceProxies = 1;
			preferredProjectObjectVersion = 77;
			productRefGroup = C89DAC092E9F236100B9B249 /* Products */;
			projectDirPath = "";
			projectRoot = "";
			targets = (
				C89DAC072E9F236100B9B249 /* Deniverse */,
			);
		};
/* End PBXProject section */

/* Begin PBXResourcesBuildPhase section */
		C89DAC062E9F236100B9B249 /* Resources */ = {
			isa = PBXResourcesBuildPhase;
			buildActionMask = 2147483647;
			files = (
				C89DB00A2E9F24B000B9B249 /* deniverse/Assets.xcassets in Resources */,
			);
			runOnlyForDeploymentPostprocessing = 0;
		};
/* End PBXResourcesBuildPhase section */

/* Begin PBXSourcesBuildPhase section */
		C89DAC042E9F236100B9B249 /* Sources */ = {
			isa = PBXSourcesBuildPhase;
			buildActionMask = 2147483647;
			files = (
				C89DB0062E9F24B000B9B249 /* deniverse/deniappApp.swift in Sources */,
				C89DB0072E9F24B000B9B249 /* deniverse/ContentView.swift in Sources */,
				C803D1DF2E9F6F73009048DA /* NotesView.swift in Sources */,
				662F71212EA0099500FF63A2 /* View+AppTypography.swift in Sources */,
				662F711D2EA003A100FF63A2 /* AgendaStore.swift in Sources */,
				C803D1E02E9F6F73009048DA /* FinanceView.swift in Sources */,
				66607A1F2EA00CA000ACEA75 /* ViewExtensions.swift in Sources */,
				662F71232EA009A900FF63A2 /* TypographyDesign+FontDesign.swift in Sources */,
				C8C816E12EA58E2A00B343E7 /* SeasonalEffects.swift in Sources */,
				662F711F2EA0087F00FF63A2 /* View+AppItalic.swift in Sources */,
				C89DB0082E9F24B000B9B249 /* deniverse/SettingsView.swift in Sources */,
				662F711B2E9FF47D00FF63A2 /* AgendaView.swift in Sources */,
				665679D62EA01E9A008AE20C /* FinanceStore.swift in Sources */,
				C89DB0092E9F24B000B9B249 /* deniverse/PreferencesStore.swift in Sources */,
			);
			runOnlyForDeploymentPostprocessing = 0;
		};
/* End PBXSourcesBuildPhase section */

/* Begin XCBuildConfiguration section */
		C89DAC112E9F236100B9B249 /* Debug */ = {
			isa = XCBuildConfiguration;
			buildSettings = {
				ALWAYS_SEARCH_USER_PATHS = NO;
				ASSETCATALOG_COMPILER_GENERATE_SWIFT_ASSET_SYMBOL_EXTENSIONS = YES;
				CLANG_ANALYZER_NONNULL = YES;
				CLANG_ANALYZER_NUMBER_OBJECT_CONVERSION = YES_AGGRESSIVE;
				CLANG_CXX_LANGUAGE_STANDARD = "gnu++20";
				CLANG_ENABLE_MODULES = YES;
				CLANG_ENABLE_OBJC_ARC = YES;
				CLANG_ENABLE_OBJC_WEAK = YES;
				CLANG_WARN_BLOCK_CAPTURE_AUTORELEASING = YES;
				CLANG_WARN_BOOL_CONVERSION = YES;
				CLANG_WARN_COMMA = YES;
				CLANG_WARN_CONSTANT_CONVERSION = YES;
				CLANG_WARN_DEPRECATED_OBJC_IMPLEMENTATIONS = YES;
				CLANG_WARN_DIRECT_OBJC_ISA_USAGE = YES_ERROR;
				CLANG_WARN_DOCUMENTATION_COMMENTS = YES;
				CLANG_WARN_EMPTY_BODY = YES;
				CLANG_WARN_ENUM_CONVERSION = YES;
				CLANG_WARN_INFINITE_RECURSION = YES;
				CLANG_WARN_INT_CONVERSION = YES;
				CLANG_WARN_NON_LITERAL_NULL_CONVERSION = YES;
				CLANG_WARN_OBJC_IMPLICIT_RETAIN_SELF = YES;
				CLANG_WARN_OBJC_LITERAL_CONVERSION = YES;
				CLANG_WARN_OBJC_ROOT_CLASS = YES_ERROR;
				CLANG_WARN_QUOTED_INCLUDE_IN_FRAMEWORK_HEADER = YES;
				CLANG_WARN_RANGE_LOOP_ANALYSIS = YES;
				CLANG_WARN_STRICT_PROTOTYPES = YES;
				CLANG_WARN_SUSPICIOUS_MOVE = YES;
				CLANG_WARN_UNGUARDED_AVAILABILITY = YES_AGGRESSIVE;
				CLANG_WARN_UNREACHABLE_CODE = YES;
				CLANG_WARN__DUPLICATE_METHOD_MATCH = YES;
				COPY_PHASE_STRIP = NO;
				DEBUG_INFORMATION_FORMAT = dwarf;
				DEVELOPMENT_TEAM = SU6RWW2999;
				ENABLE_STRICT_OBJC_MSGSEND = YES;
				ENABLE_TESTABILITY = YES;
				ENABLE_USER_SCRIPT_SANDBOXING = YES;
				GCC_C_LANGUAGE_STANDARD = gnu17;
				GCC_DYNAMIC_NO_PIC = NO;
				GCC_NO_COMMON_BLOCKS = YES;
				GCC_OPTIMIZATION_LEVEL = 0;
				GCC_PREPROCESSOR_DEFINITIONS = (
					"DEBUG=1",
					"$(inherited)",
				);
				GCC_WARN_64_TO_32_BIT_CONVERSION = YES;
				GCC_WARN_ABOUT_RETURN_TYPE = YES_ERROR;
				GCC_WARN_UNDECLARED_SELECTOR = YES;
				GCC_WARN_UNINITIALIZED_AUTOS = YES_AGGRESSIVE;
				GCC_WARN_UNUSED_FUNCTION = YES;
				GCC_WARN_UNUSED_VARIABLE = YES;
				IPHONEOS_DEPLOYMENT_TARGET = 26.0;
				LOCALIZATION_PREFERS_STRING_CATALOGS = YES;
				MTL_ENABLE_DEBUG_INFO = INCLUDE_SOURCE;
				MTL_FAST_MATH = YES;
				ONLY_ACTIVE_ARCH = YES;
				SDKROOT = iphoneos;
				SWIFT_ACTIVE_COMPILATION_CONDITIONS = "DEBUG $(inherited)";
				SWIFT_OPTIMIZATION_LEVEL = "-Onone";
			};
			name = Debug;
		};
		C89DAC122E9F236100B9B249 /* Release */ = {
			isa = XCBuildConfiguration;
			buildSettings = {
				ALWAYS_SEARCH_USER_PATHS = NO;
				ASSETCATALOG_COMPILER_GENERATE_SWIFT_ASSET_SYMBOL_EXTENSIONS = YES;
				CLANG_ANALYZER_NONNULL = YES;
				CLANG_ANALYZER_NUMBER_OBJECT_CONVERSION = YES_AGGRESSIVE;
				CLANG_CXX_LANGUAGE_STANDARD = "gnu++20";
				CLANG_ENABLE_MODULES = YES;
				CLANG_ENABLE_OBJC_ARC = YES;
				CLANG_ENABLE_OBJC_WEAK = YES;
				CLANG_WARN_BLOCK_CAPTURE_AUTORELEASING = YES;
				CLANG_WARN_BOOL_CONVERSION = YES;
				CLANG_WARN_COMMA = YES;
				CLANG_WARN_CONSTANT_CONVERSION = YES;
				CLANG_WARN_DEPRECATED_OBJC_IMPLEMENTATIONS = YES;
				CLANG_WARN_DIRECT_OBJC_ISA_USAGE = YES_ERROR;
				CLANG_WARN_DOCUMENTATION_COMMENTS = YES;
				CLANG_WARN_EMPTY_BODY = YES;
				CLANG_WARN_ENUM_CONVERSION = YES;
				CLANG_WARN_INFINITE_RECURSION = YES;
				CLANG_WARN_INT_CONVERSION = YES;
				CLANG_WARN_NON_LITERAL_NULL_CONVERSION = YES;
				CLANG_WARN_OBJC_IMPLICIT_RETAIN_SELF = YES;
				CLANG_WARN_OBJC_LITERAL_CONVERSION = YES;
				CLANG_WARN_OBJC_ROOT_CLASS = YES_ERROR;
				CLANG_WARN_QUOTED_INCLUDE_IN_FRAMEWORK_HEADER = YES;
				CLANG_WARN_RANGE_LOOP_ANALYSIS = YES;
				CLANG_WARN_STRICT_PROTOTYPES = YES;
				CLANG_WARN_SUSPICIOUS_MOVE = YES;
				CLANG_WARN_UNGUARDED_AVAILABILITY = YES_AGGRESSIVE;
				CLANG_WARN_UNREACHABLE_CODE = YES;
				CLANG_WARN__DUPLICATE_METHOD_MATCH = YES;
				COPY_PHASE_STRIP = NO;
				DEBUG_INFORMATION_FORMAT = "dwarf-with-dsym";
				DEVELOPMENT_TEAM = SU6RWW2999;
				ENABLE_NS_ASSERTIONS = NO;
				ENABLE_STRICT_OBJC_MSGSEND = YES;
				ENABLE_USER_SCRIPT_SANDBOXING = YES;
				GCC_C_LANGUAGE_STANDARD = gnu17;
				GCC_NO_COMMON_BLOCKS = YES;
				GCC_WARN_64_TO_32_BIT_CONVERSION = YES;
				GCC_WARN_ABOUT_RETURN_TYPE = YES_ERROR;
				GCC_WARN_UNDECLARED_SELECTOR = YES;
				GCC_WARN_UNINITIALIZED_AUTOS = YES_AGGRESSIVE;
				GCC_WARN_UNUSED_FUNCTION = YES;
				GCC_WARN_UNUSED_VARIABLE = YES;
				IPHONEOS_DEPLOYMENT_TARGET = 26.0;
				LOCALIZATION_PREFERS_STRING_CATALOGS = YES;
				MTL_ENABLE_DEBUG_INFO = NO;
				MTL_FAST_MATH = YES;
				SDKROOT = iphoneos;
				SWIFT_COMPILATION_MODE = wholemodule;
				VALIDATE_PRODUCT = YES;
			};
			name = Release;
		};
		C89DAC142E9F236100B9B249 /* Debug */ = {
			isa = XCBuildConfiguration;
			buildSettings = {
				ASSETCATALOG_COMPILER_APPICON_NAME = AppIcon;
				ASSETCATALOG_COMPILER_GLOBAL_ACCENT_COLOR_NAME = AccentColor;
				CODE_SIGN_STYLE = Automatic;
				CURRENT_PROJECT_VERSION = 1;
				DEVELOPMENT_TEAM = SU6RWW2999;
				ENABLE_PREVIEWS = YES;
				GENERATE_INFOPLIST_FILE = YES;
				INFOPLIST_KEY_CFBundleDisplayName = Deniverse;
				INFOPLIST_KEY_UIApplicationSceneManifest_Generation = YES;
				INFOPLIST_KEY_UIApplicationSupportsIndirectInputEvents = YES;
				INFOPLIST_KEY_UILaunchScreen_Generation = YES;
				INFOPLIST_KEY_UISupportedInterfaceOrientations_iPad = "UIInterfaceOrientationPortrait UIInterfaceOrientationPortraitUpsideDown UIInterfaceOrientationLandscapeLeft UIInterfaceOrientationLandscapeRight";
				INFOPLIST_KEY_UISupportedInterfaceOrientations_iPhone = "UIInterfaceOrientationPortrait UIInterfaceOrientationLandscapeLeft UIInterfaceOrientationLandscapeRight";
				LD_RUNPATH_SEARCH_PATHS = (
					"$(inherited)",
					"@executable_path/Frameworks",
				);
				MARKETING_VERSION = 1.0;
				PRODUCT_BUNDLE_IDENTIFIER = app.deniverse;
				PRODUCT_NAME = "$(TARGET_NAME)";
				STRING_CATALOG_GENERATE_SYMBOLS = YES;
				SWIFT_APPROACHABLE_CONCURRENCY = YES;
				SWIFT_DEFAULT_ACTOR_ISOLATION = MainActor;
				SWIFT_EMIT_LOC_STRINGS = YES;
				SWIFT_UPCOMING_FEATURE_MEMBER_IMPORT_VISIBILITY = YES;
				SWIFT_VERSION = 5.0;
				TARGETED_DEVICE_FAMILY = "1,2";
			};
			name = Debug;
		};
		C89DAC152E9F236100B9B249 /* Release */ = {
			isa = XCBuildConfiguration;
			buildSettings = {
				ASSETCATALOG_COMPILER_APPICON_NAME = AppIcon;
				ASSETCATALOG_COMPILER_GLOBAL_ACCENT_COLOR_NAME = AccentColor;
				CODE_SIGN_STYLE = Automatic;
				CURRENT_PROJECT_VERSION = 1;
				DEVELOPMENT_TEAM = SU6RWW2999;
				ENABLE_PREVIEWS = YES;
				GENERATE_INFOPLIST_FILE = YES;
				INFOPLIST_KEY_CFBundleDisplayName = Deniverse;
				INFOPLIST_KEY_UIApplicationSceneManifest_Generation = YES;
				INFOPLIST_KEY_UIApplicationSupportsIndirectInputEvents = YES;
				INFOPLIST_KEY_UILaunchScreen_Generation = YES;
				INFOPLIST_KEY_UISupportedInterfaceOrientations_iPad = "UIInterfaceOrientationPortrait UIInterfaceOrientationPortraitUpsideDown UIInterfaceOrientationLandscapeLeft UIInterfaceOrientationLandscapeRight";
				INFOPLIST_KEY_UISupportedInterfaceOrientations_iPhone = "UIInterfaceOrientationPortrait UIInterfaceOrientationLandscapeLeft UIInterfaceOrientationLandscapeRight";
				LD_RUNPATH_SEARCH_PATHS = (
					"$(inherited)",
					"@executable_path/Frameworks",
				);
				MARKETING_VERSION = 1.0;
				PRODUCT_BUNDLE_IDENTIFIER = app.deniverse;
				PRODUCT_NAME = "$(TARGET_NAME)";
				STRING_CATALOG_GENERATE_SYMBOLS = YES;
				SWIFT_APPROACHABLE_CONCURRENCY = YES;
				SWIFT_DEFAULT_ACTOR_ISOLATION = MainActor;
				SWIFT_EMIT_LOC_STRINGS = YES;
				SWIFT_UPCOMING_FEATURE_MEMBER_IMPORT_VISIBILITY = YES;
				SWIFT_VERSION = 5.0;
				TARGETED_DEVICE_FAMILY = "1,2";
			};
			name = Release;
		};
/* End XCBuildConfiguration section */

/* Begin XCConfigurationList section */
		C89DAC032E9F236100B9B249 /* Build configuration list for PBXProject "deniverse" */ = {
			isa = XCConfigurationList;
			buildConfigurations = (
				C89DAC112E9F236100B9B249 /* Debug */,
				C89DAC122E9F236100B9B249 /* Release */,
			);
			defaultConfigurationIsVisible = 0;
			defaultConfigurationName = Release;
		};
		C89DAC132E9F236100B9B249 /* Build configuration list for PBXNativeTarget "Deniverse" */ = {
			isa = XCConfigurationList;
			buildConfigurations = (
				C89DAC142E9F236100B9B249 /* Debug */,
				C89DAC152E9F236100B9B249 /* Release */,
			);
			defaultConfigurationIsVisible = 0;
			defaultConfigurationName = Release;
		};
/* End XCConfigurationList section */
	};
	rootObject = C89DAC002E9F236100B9B249 /* Project object */;
}
